// !$*UTF8*$!
{
	archiveVersion = 1;
	classes = {
	};
	objectVersion = 56;
	objects = {

/* Begin PBXBuildFile section */
		23E5890C293AD29500FA0782 /* DemoAppApp.swift in Sources */ = {isa = PBXBuildFile; fileRef = 23E5890B293AD29500FA0782 /* DemoAppApp.swift */; };
		23E5890E293AD29500FA0782 /* ContentView.swift in Sources */ = {isa = PBXBuildFile; fileRef = 23E5890D293AD29500FA0782 /* ContentView.swift */; };
		23E58910293AD29600FA0782 /* Assets.xcassets in Resources */ = {isa = PBXBuildFile; fileRef = 23E5890F293AD29600FA0782 /* Assets.xcassets */; };
		23E58913293AD29600FA0782 /* Preview Assets.xcassets in Resources */ = {isa = PBXBuildFile; fileRef = 23E58912293AD29600FA0782 /* Preview Assets.xcassets */; };
		23E5891D293AD29600FA0782 /* DemoAppTests.swift in Sources */ = {isa = PBXBuildFile; fileRef = 23E5891C293AD29600FA0782 /* DemoAppTests.swift */; };
		23E58927293AD29600FA0782 /* DemoAppUITests.swift in Sources */ = {isa = PBXBuildFile; fileRef = 23E58926293AD29600FA0782 /* DemoAppUITests.swift */; };
		23E58937293AE37A00FA0782 /* BuildkiteTestCollector in Frameworks */ = {isa = PBXBuildFile; productRef = 23E58936293AE37A00FA0782 /* BuildkiteTestCollector */; };
		23E58939293AE37E00FA0782 /* BuildkiteTestCollector in Frameworks */ = {isa = PBXBuildFile; productRef = 23E58938293AE37E00FA0782 /* BuildkiteTestCollector */; };
		23E58943293B03EE00FA0782 /* DemoAppMacApp.swift in Sources */ = {isa = PBXBuildFile; fileRef = 23E58942293B03EE00FA0782 /* DemoAppMacApp.swift */; };
		23E58945293B03EE00FA0782 /* ContentView.swift in Sources */ = {isa = PBXBuildFile; fileRef = 23E58944293B03EE00FA0782 /* ContentView.swift */; };
		23E58947293B03EF00FA0782 /* Assets.xcassets in Resources */ = {isa = PBXBuildFile; fileRef = 23E58946293B03EF00FA0782 /* Assets.xcassets */; };
		23E5894A293B03EF00FA0782 /* Preview Assets.xcassets in Resources */ = {isa = PBXBuildFile; fileRef = 23E58949293B03EF00FA0782 /* Preview Assets.xcassets */; };
		23E58955293B03F000FA0782 /* DemoAppMacTests.swift in Sources */ = {isa = PBXBuildFile; fileRef = 23E58954293B03F000FA0782 /* DemoAppMacTests.swift */; };
		23E5896C293B043C00FA0782 /* Info.plist in Resources */ = {isa = PBXBuildFile; fileRef = 23E5896B293B043C00FA0782 /* Info.plist */; };
		23E58970293B060B00FA0782 /* BuildkiteTestCollector in Frameworks */ = {isa = PBXBuildFile; productRef = 23E5896F293B060B00FA0782 /* BuildkiteTestCollector */; };
/* End PBXBuildFile section */

/* Begin PBXContainerItemProxy section */
		23E58919293AD29600FA0782 /* PBXContainerItemProxy */ = {
			isa = PBXContainerItemProxy;
			containerPortal = 23E58900293AD29500FA0782 /* Project object */;
			proxyType = 1;
			remoteGlobalIDString = 23E58907293AD29500FA0782;
			remoteInfo = DemoApp;
		};
		23E58923293AD29600FA0782 /* PBXContainerItemProxy */ = {
			isa = PBXContainerItemProxy;
			containerPortal = 23E58900293AD29500FA0782 /* Project object */;
			proxyType = 1;
			remoteGlobalIDString = 23E58907293AD29500FA0782;
			remoteInfo = DemoApp;
		};
		23E58951293B03F000FA0782 /* PBXContainerItemProxy */ = {
			isa = PBXContainerItemProxy;
			containerPortal = 23E58900293AD29500FA0782 /* Project object */;
			proxyType = 1;
			remoteGlobalIDString = 23E5893F293B03EE00FA0782;
			remoteInfo = DemoAppMac;
		};
/* End PBXContainerItemProxy section */

/* Begin PBXFileReference section */
		23E58908293AD29500FA0782 /* DemoApp.app */ = {isa = PBXFileReference; explicitFileType = wrapper.application; includeInIndex = 0; path = DemoApp.app; sourceTree = BUILT_PRODUCTS_DIR; };
		23E5890B293AD29500FA0782 /* DemoAppApp.swift */ = {isa = PBXFileReference; lastKnownFileType = sourcecode.swift; path = DemoAppApp.swift; sourceTree = "<group>"; };
		23E5890D293AD29500FA0782 /* ContentView.swift */ = {isa = PBXFileReference; lastKnownFileType = sourcecode.swift; path = ContentView.swift; sourceTree = "<group>"; };
		23E5890F293AD29600FA0782 /* Assets.xcassets */ = {isa = PBXFileReference; lastKnownFileType = folder.assetcatalog; path = Assets.xcassets; sourceTree = "<group>"; };
		23E58912293AD29600FA0782 /* Preview Assets.xcassets */ = {isa = PBXFileReference; lastKnownFileType = folder.assetcatalog; path = "Preview Assets.xcassets"; sourceTree = "<group>"; };
		23E58918293AD29600FA0782 /* DemoAppTests.xctest */ = {isa = PBXFileReference; explicitFileType = wrapper.cfbundle; includeInIndex = 0; path = DemoAppTests.xctest; sourceTree = BUILT_PRODUCTS_DIR; };
		23E5891C293AD29600FA0782 /* DemoAppTests.swift */ = {isa = PBXFileReference; lastKnownFileType = sourcecode.swift; path = DemoAppTests.swift; sourceTree = "<group>"; };
		23E58922293AD29600FA0782 /* DemoAppUITests.xctest */ = {isa = PBXFileReference; explicitFileType = wrapper.cfbundle; includeInIndex = 0; path = DemoAppUITests.xctest; sourceTree = BUILT_PRODUCTS_DIR; };
		23E58926293AD29600FA0782 /* DemoAppUITests.swift */ = {isa = PBXFileReference; lastKnownFileType = sourcecode.swift; path = DemoAppUITests.swift; sourceTree = "<group>"; };
		23E5893A293AF96100FA0782 /* Info.plist */ = {isa = PBXFileReference; lastKnownFileType = text.plist; path = Info.plist; sourceTree = "<group>"; };
		23E5893B293AFAD000FA0782 /* Info.plist */ = {isa = PBXFileReference; lastKnownFileType = text.plist; path = Info.plist; sourceTree = "<group>"; };
		23E58940293B03EE00FA0782 /* DemoAppMac.app */ = {isa = PBXFileReference; explicitFileType = wrapper.application; includeInIndex = 0; path = DemoAppMac.app; sourceTree = BUILT_PRODUCTS_DIR; };
		23E58942293B03EE00FA0782 /* DemoAppMacApp.swift */ = {isa = PBXFileReference; lastKnownFileType = sourcecode.swift; path = DemoAppMacApp.swift; sourceTree = "<group>"; };
		23E58944293B03EE00FA0782 /* ContentView.swift */ = {isa = PBXFileReference; lastKnownFileType = sourcecode.swift; path = ContentView.swift; sourceTree = "<group>"; };
		23E58946293B03EF00FA0782 /* Assets.xcassets */ = {isa = PBXFileReference; lastKnownFileType = folder.assetcatalog; path = Assets.xcassets; sourceTree = "<group>"; };
		23E58949293B03EF00FA0782 /* Preview Assets.xcassets */ = {isa = PBXFileReference; lastKnownFileType = folder.assetcatalog; path = "Preview Assets.xcassets"; sourceTree = "<group>"; };
		23E5894B293B03EF00FA0782 /* DemoAppMac.entitlements */ = {isa = PBXFileReference; lastKnownFileType = text.plist.entitlements; path = DemoAppMac.entitlements; sourceTree = "<group>"; };
		23E58950293B03F000FA0782 /* DemoAppMacTests.xctest */ = {isa = PBXFileReference; explicitFileType = wrapper.cfbundle; includeInIndex = 0; path = DemoAppMacTests.xctest; sourceTree = BUILT_PRODUCTS_DIR; };
		23E58954293B03F000FA0782 /* DemoAppMacTests.swift */ = {isa = PBXFileReference; lastKnownFileType = sourcecode.swift; path = DemoAppMacTests.swift; sourceTree = "<group>"; };
		23E5896B293B043C00FA0782 /* Info.plist */ = {isa = PBXFileReference; lastKnownFileType = text.plist; name = Info.plist; path = DemoAppUITests/Info.plist; sourceTree = SOURCE_ROOT; };
/* End PBXFileReference section */

/* Begin PBXFrameworksBuildPhase section */
		23E58905293AD29500FA0782 /* Frameworks */ = {
			isa = PBXFrameworksBuildPhase;
			buildActionMask = 2147483647;
			files = (
			);
			runOnlyForDeploymentPostprocessing = 0;
		};
		23E58915293AD29600FA0782 /* Frameworks */ = {
			isa = PBXFrameworksBuildPhase;
			buildActionMask = 2147483647;
			files = (
				23E58937293AE37A00FA0782 /* BuildkiteTestCollector in Frameworks */,
			);
			runOnlyForDeploymentPostprocessing = 0;
		};
		23E5891F293AD29600FA0782 /* Frameworks */ = {
			isa = PBXFrameworksBuildPhase;
			buildActionMask = 2147483647;
			files = (
				23E58939293AE37E00FA0782 /* BuildkiteTestCollector in Frameworks */,
			);
			runOnlyForDeploymentPostprocessing = 0;
		};
		23E5893D293B03EE00FA0782 /* Frameworks */ = {
			isa = PBXFrameworksBuildPhase;
			buildActionMask = 2147483647;
			files = (
			);
			runOnlyForDeploymentPostprocessing = 0;
		};
		23E5894D293B03F000FA0782 /* Frameworks */ = {
			isa = PBXFrameworksBuildPhase;
			buildActionMask = 2147483647;
			files = (
				23E58970293B060B00FA0782 /* BuildkiteTestCollector in Frameworks */,
			);
			runOnlyForDeploymentPostprocessing = 0;
		};
/* End PBXFrameworksBuildPhase section */

/* Begin PBXGroup section */
		23E588FF293AD29500FA0782 = {
			isa = PBXGroup;
			children = (
				23E5890A293AD29500FA0782 /* DemoApp */,
				23E5891B293AD29600FA0782 /* DemoAppTests */,
				23E58925293AD29600FA0782 /* DemoAppUITests */,
				23E58941293B03EE00FA0782 /* DemoAppMac */,
				23E58953293B03F000FA0782 /* DemoAppMacTests */,
				23E58909293AD29500FA0782 /* Products */,
				23E58935293AE37A00FA0782 /* Frameworks */,
			);
			sourceTree = "<group>";
		};
		23E58909293AD29500FA0782 /* Products */ = {
			isa = PBXGroup;
			children = (
				23E58908293AD29500FA0782 /* DemoApp.app */,
				23E58918293AD29600FA0782 /* DemoAppTests.xctest */,
				23E58922293AD29600FA0782 /* DemoAppUITests.xctest */,
				23E58940293B03EE00FA0782 /* DemoAppMac.app */,
				23E58950293B03F000FA0782 /* DemoAppMacTests.xctest */,
			);
			name = Products;
			sourceTree = "<group>";
		};
		23E5890A293AD29500FA0782 /* DemoApp */ = {
			isa = PBXGroup;
			children = (
				23E5890B293AD29500FA0782 /* DemoAppApp.swift */,
				23E5890D293AD29500FA0782 /* ContentView.swift */,
				23E5890F293AD29600FA0782 /* Assets.xcassets */,
				23E58911293AD29600FA0782 /* Preview Content */,
			);
			path = DemoApp;
			sourceTree = "<group>";
		};
		23E58911293AD29600FA0782 /* Preview Content */ = {
			isa = PBXGroup;
			children = (
				23E58912293AD29600FA0782 /* Preview Assets.xcassets */,
			);
			path = "Preview Content";
			sourceTree = "<group>";
		};
		23E5891B293AD29600FA0782 /* DemoAppTests */ = {
			isa = PBXGroup;
			children = (
				23E5893B293AFAD000FA0782 /* Info.plist */,
				23E5891C293AD29600FA0782 /* DemoAppTests.swift */,
			);
			path = DemoAppTests;
			sourceTree = "<group>";
		};
		23E58925293AD29600FA0782 /* DemoAppUITests */ = {
			isa = PBXGroup;
			children = (
				23E5893A293AF96100FA0782 /* Info.plist */,
				23E58926293AD29600FA0782 /* DemoAppUITests.swift */,
			);
			path = DemoAppUITests;
			sourceTree = "<group>";
		};
		23E58935293AE37A00FA0782 /* Frameworks */ = {
			isa = PBXGroup;
			children = (
			);
			name = Frameworks;
			sourceTree = "<group>";
		};
		23E58941293B03EE00FA0782 /* DemoAppMac */ = {
			isa = PBXGroup;
			children = (
				23E58942293B03EE00FA0782 /* DemoAppMacApp.swift */,
				23E58944293B03EE00FA0782 /* ContentView.swift */,
				23E58946293B03EF00FA0782 /* Assets.xcassets */,
				23E5894B293B03EF00FA0782 /* DemoAppMac.entitlements */,
				23E58948293B03EF00FA0782 /* Preview Content */,
			);
			path = DemoAppMac;
			sourceTree = "<group>";
		};
		23E58948293B03EF00FA0782 /* Preview Content */ = {
			isa = PBXGroup;
			children = (
				23E58949293B03EF00FA0782 /* Preview Assets.xcassets */,
			);
			path = "Preview Content";
			sourceTree = "<group>";
		};
		23E58953293B03F000FA0782 /* DemoAppMacTests */ = {
			isa = PBXGroup;
			children = (
				23E5896B293B043C00FA0782 /* Info.plist */,
				23E58954293B03F000FA0782 /* DemoAppMacTests.swift */,
			);
			path = DemoAppMacTests;
			sourceTree = "<group>";
		};
/* End PBXGroup section */

/* Begin PBXNativeTarget section */
		23E58907293AD29500FA0782 /* DemoApp */ = {
			isa = PBXNativeTarget;
			buildConfigurationList = 23E5892C293AD29600FA0782 /* Build configuration list for PBXNativeTarget "DemoApp" */;
			buildPhases = (
				23E58904293AD29500FA0782 /* Sources */,
				23E58905293AD29500FA0782 /* Frameworks */,
				23E58906293AD29500FA0782 /* Resources */,
			);
			buildRules = (
			);
			dependencies = (
			);
			name = DemoApp;
			productName = DemoApp;
			productReference = 23E58908293AD29500FA0782 /* DemoApp.app */;
			productType = "com.apple.product-type.application";
		};
		23E58917293AD29600FA0782 /* DemoAppTests */ = {
			isa = PBXNativeTarget;
			buildConfigurationList = 23E5892F293AD29600FA0782 /* Build configuration list for PBXNativeTarget "DemoAppTests" */;
			buildPhases = (
				23E58914293AD29600FA0782 /* Sources */,
				23E58915293AD29600FA0782 /* Frameworks */,
				23E58916293AD29600FA0782 /* Resources */,
			);
			buildRules = (
			);
			dependencies = (
				23E5891A293AD29600FA0782 /* PBXTargetDependency */,
			);
			name = DemoAppTests;
			packageProductDependencies = (
				23E58936293AE37A00FA0782 /* BuildkiteTestCollector */,
			);
			productName = DemoAppTests;
			productReference = 23E58918293AD29600FA0782 /* DemoAppTests.xctest */;
			productType = "com.apple.product-type.bundle.unit-test";
		};
		23E58921293AD29600FA0782 /* DemoAppUITests */ = {
			isa = PBXNativeTarget;
			buildConfigurationList = 23E58932293AD29600FA0782 /* Build configuration list for PBXNativeTarget "DemoAppUITests" */;
			buildPhases = (
				23E5891E293AD29600FA0782 /* Sources */,
				23E5891F293AD29600FA0782 /* Frameworks */,
				23E58920293AD29600FA0782 /* Resources */,
			);
			buildRules = (
			);
			dependencies = (
				23E58924293AD29600FA0782 /* PBXTargetDependency */,
			);
			name = DemoAppUITests;
			packageProductDependencies = (
				23E58938293AE37E00FA0782 /* BuildkiteTestCollector */,
			);
			productName = DemoAppUITests;
			productReference = 23E58922293AD29600FA0782 /* DemoAppUITests.xctest */;
			productType = "com.apple.product-type.bundle.ui-testing";
		};
		23E5893F293B03EE00FA0782 /* DemoAppMac */ = {
			isa = PBXNativeTarget;
			buildConfigurationList = 23E58962293B03F000FA0782 /* Build configuration list for PBXNativeTarget "DemoAppMac" */;
			buildPhases = (
				23E5893C293B03EE00FA0782 /* Sources */,
				23E5893D293B03EE00FA0782 /* Frameworks */,
				23E5893E293B03EE00FA0782 /* Resources */,
			);
			buildRules = (
			);
			dependencies = (
			);
			name = DemoAppMac;
			productName = DemoAppMac;
			productReference = 23E58940293B03EE00FA0782 /* DemoAppMac.app */;
			productType = "com.apple.product-type.application";
		};
		23E5894F293B03F000FA0782 /* DemoAppMacTests */ = {
			isa = PBXNativeTarget;
			buildConfigurationList = 23E58965293B03F000FA0782 /* Build configuration list for PBXNativeTarget "DemoAppMacTests" */;
			buildPhases = (
				23E5894C293B03F000FA0782 /* Sources */,
				23E5894D293B03F000FA0782 /* Frameworks */,
				23E5894E293B03F000FA0782 /* Resources */,
			);
			buildRules = (
			);
			dependencies = (
				23E58952293B03F000FA0782 /* PBXTargetDependency */,
			);
			name = DemoAppMacTests;
			packageProductDependencies = (
				23E5896F293B060B00FA0782 /* BuildkiteTestCollector */,
			);
			productName = DemoAppMacTests;
			productReference = 23E58950293B03F000FA0782 /* DemoAppMacTests.xctest */;
			productType = "com.apple.product-type.bundle.unit-test";
		};
/* End PBXNativeTarget section */

/* Begin PBXProject section */
		23E58900293AD29500FA0782 /* Project object */ = {
			isa = PBXProject;
			attributes = {
				BuildIndependentTargetsInParallel = 1;
				LastSwiftUpdateCheck = 1410;
				LastUpgradeCheck = 1410;
				TargetAttributes = {
					23E58907293AD29500FA0782 = {
						CreatedOnToolsVersion = 14.1;
					};
					23E58917293AD29600FA0782 = {
						CreatedOnToolsVersion = 14.1;
						TestTargetID = 23E58907293AD29500FA0782;
					};
					23E58921293AD29600FA0782 = {
						CreatedOnToolsVersion = 14.1;
						TestTargetID = 23E58907293AD29500FA0782;
					};
					23E5893F293B03EE00FA0782 = {
						CreatedOnToolsVersion = 14.1;
					};
					23E5894F293B03F000FA0782 = {
						CreatedOnToolsVersion = 14.1;
						TestTargetID = 23E5893F293B03EE00FA0782;
					};
				};
			};
			buildConfigurationList = 23E58903293AD29500FA0782 /* Build configuration list for PBXProject "DemoApp" */;
			compatibilityVersion = "Xcode 14.0";
			developmentRegion = en;
			hasScannedForEncodings = 0;
			knownRegions = (
				en,
				Base,
			);
			mainGroup = 23E588FF293AD29500FA0782;
			productRefGroup = 23E58909293AD29500FA0782 /* Products */;
			projectDirPath = "";
			projectRoot = "";
			targets = (
				23E58907293AD29500FA0782 /* DemoApp */,
				23E58917293AD29600FA0782 /* DemoAppTests */,
				23E58921293AD29600FA0782 /* DemoAppUITests */,
				23E5893F293B03EE00FA0782 /* DemoAppMac */,
				23E5894F293B03F000FA0782 /* DemoAppMacTests */,
			);
		};
/* End PBXProject section */

/* Begin PBXResourcesBuildPhase section */
		23E58906293AD29500FA0782 /* Resources */ = {
			isa = PBXResourcesBuildPhase;
			buildActionMask = 2147483647;
			files = (
				23E58913293AD29600FA0782 /* Preview Assets.xcassets in Resources */,
				23E58910293AD29600FA0782 /* Assets.xcassets in Resources */,
			);
			runOnlyForDeploymentPostprocessing = 0;
		};
		23E58916293AD29600FA0782 /* Resources */ = {
			isa = PBXResourcesBuildPhase;
			buildActionMask = 2147483647;
			files = (
			);
			runOnlyForDeploymentPostprocessing = 0;
		};
		23E58920293AD29600FA0782 /* Resources */ = {
			isa = PBXResourcesBuildPhase;
			buildActionMask = 2147483647;
			files = (
			);
			runOnlyForDeploymentPostprocessing = 0;
		};
		23E5893E293B03EE00FA0782 /* Resources */ = {
			isa = PBXResourcesBuildPhase;
			buildActionMask = 2147483647;
			files = (
				23E5894A293B03EF00FA0782 /* Preview Assets.xcassets in Resources */,
				23E58947293B03EF00FA0782 /* Assets.xcassets in Resources */,
			);
			runOnlyForDeploymentPostprocessing = 0;
		};
		23E5894E293B03F000FA0782 /* Resources */ = {
			isa = PBXResourcesBuildPhase;
			buildActionMask = 2147483647;
			files = (
				23E5896C293B043C00FA0782 /* Info.plist in Resources */,
			);
			runOnlyForDeploymentPostprocessing = 0;
		};
/* End PBXResourcesBuildPhase section */

/* Begin PBXSourcesBuildPhase section */
		23E58904293AD29500FA0782 /* Sources */ = {
			isa = PBXSourcesBuildPhase;
			buildActionMask = 2147483647;
			files = (
				23E5890E293AD29500FA0782 /* ContentView.swift in Sources */,
				23E5890C293AD29500FA0782 /* DemoAppApp.swift in Sources */,
			);
			runOnlyForDeploymentPostprocessing = 0;
		};
		23E58914293AD29600FA0782 /* Sources */ = {
			isa = PBXSourcesBuildPhase;
			buildActionMask = 2147483647;
			files = (
				23E5891D293AD29600FA0782 /* DemoAppTests.swift in Sources */,
			);
			runOnlyForDeploymentPostprocessing = 0;
		};
		23E5891E293AD29600FA0782 /* Sources */ = {
			isa = PBXSourcesBuildPhase;
			buildActionMask = 2147483647;
			files = (
				23E58927293AD29600FA0782 /* DemoAppUITests.swift in Sources */,
			);
			runOnlyForDeploymentPostprocessing = 0;
		};
		23E5893C293B03EE00FA0782 /* Sources */ = {
			isa = PBXSourcesBuildPhase;
			buildActionMask = 2147483647;
			files = (
				23E58945293B03EE00FA0782 /* ContentView.swift in Sources */,
				23E58943293B03EE00FA0782 /* DemoAppMacApp.swift in Sources */,
			);
			runOnlyForDeploymentPostprocessing = 0;
		};
		23E5894C293B03F000FA0782 /* Sources */ = {
			isa = PBXSourcesBuildPhase;
			buildActionMask = 2147483647;
			files = (
				23E58955293B03F000FA0782 /* DemoAppMacTests.swift in Sources */,
			);
			runOnlyForDeploymentPostprocessing = 0;
		};
/* End PBXSourcesBuildPhase section */

/* Begin PBXTargetDependency section */
		23E5891A293AD29600FA0782 /* PBXTargetDependency */ = {
			isa = PBXTargetDependency;
			target = 23E58907293AD29500FA0782 /* DemoApp */;
			targetProxy = 23E58919293AD29600FA0782 /* PBXContainerItemProxy */;
		};
		23E58924293AD29600FA0782 /* PBXTargetDependency */ = {
			isa = PBXTargetDependency;
			target = 23E58907293AD29500FA0782 /* DemoApp */;
			targetProxy = 23E58923293AD29600FA0782 /* PBXContainerItemProxy */;
		};
		23E58952293B03F000FA0782 /* PBXTargetDependency */ = {
			isa = PBXTargetDependency;
			target = 23E5893F293B03EE00FA0782 /* DemoAppMac */;
			targetProxy = 23E58951293B03F000FA0782 /* PBXContainerItemProxy */;
		};
/* End PBXTargetDependency section */

/* Begin XCBuildConfiguration section */
		23E5892A293AD29600FA0782 /* Debug */ = {
			isa = XCBuildConfiguration;
			buildSettings = {
				ALWAYS_SEARCH_USER_PATHS = NO;
				CLANG_ANALYZER_NONNULL = YES;
				CLANG_ANALYZER_NUMBER_OBJECT_CONVERSION = YES_AGGRESSIVE;
				CLANG_CXX_LANGUAGE_STANDARD = "gnu++20";
				CLANG_ENABLE_MODULES = YES;
				CLANG_ENABLE_OBJC_ARC = YES;
				CLANG_ENABLE_OBJC_WEAK = YES;
				CLANG_WARN_BLOCK_CAPTURE_AUTORELEASING = YES;
				CLANG_WARN_BOOL_CONVERSION = YES;
				CLANG_WARN_COMMA = YES;
				CLANG_WARN_CONSTANT_CONVERSION = YES;
				CLANG_WARN_DEPRECATED_OBJC_IMPLEMENTATIONS = YES;
				CLANG_WARN_DIRECT_OBJC_ISA_USAGE = YES_ERROR;
				CLANG_WARN_DOCUMENTATION_COMMENTS = YES;
				CLANG_WARN_EMPTY_BODY = YES;
				CLANG_WARN_ENUM_CONVERSION = YES;
				CLANG_WARN_INFINITE_RECURSION = YES;
				CLANG_WARN_INT_CONVERSION = YES;
				CLANG_WARN_NON_LITERAL_NULL_CONVERSION = YES;
				CLANG_WARN_OBJC_IMPLICIT_RETAIN_SELF = YES;
				CLANG_WARN_OBJC_LITERAL_CONVERSION = YES;
				CLANG_WARN_OBJC_ROOT_CLASS = YES_ERROR;
				CLANG_WARN_QUOTED_INCLUDE_IN_FRAMEWORK_HEADER = YES;
				CLANG_WARN_RANGE_LOOP_ANALYSIS = YES;
				CLANG_WARN_STRICT_PROTOTYPES = YES;
				CLANG_WARN_SUSPICIOUS_MOVE = YES;
				CLANG_WARN_UNGUARDED_AVAILABILITY = YES_AGGRESSIVE;
				CLANG_WARN_UNREACHABLE_CODE = YES;
				CLANG_WARN__DUPLICATE_METHOD_MATCH = YES;
				COPY_PHASE_STRIP = NO;
				DEBUG_INFORMATION_FORMAT = dwarf;
				ENABLE_STRICT_OBJC_MSGSEND = YES;
				ENABLE_TESTABILITY = YES;
				GCC_C_LANGUAGE_STANDARD = gnu11;
				GCC_DYNAMIC_NO_PIC = NO;
				GCC_NO_COMMON_BLOCKS = YES;
				GCC_OPTIMIZATION_LEVEL = 0;
				GCC_PREPROCESSOR_DEFINITIONS = (
					"DEBUG=1",
					"$(inherited)",
				);
				GCC_WARN_64_TO_32_BIT_CONVERSION = YES;
				GCC_WARN_ABOUT_RETURN_TYPE = YES_ERROR;
				GCC_WARN_UNDECLARED_SELECTOR = YES;
				GCC_WARN_UNINITIALIZED_AUTOS = YES_AGGRESSIVE;
				GCC_WARN_UNUSED_FUNCTION = YES;
				GCC_WARN_UNUSED_VARIABLE = YES;
				IPHONEOS_DEPLOYMENT_TARGET = 15.5;
				MTL_ENABLE_DEBUG_INFO = INCLUDE_SOURCE;
				MTL_FAST_MATH = YES;
				ONLY_ACTIVE_ARCH = YES;
				SDKROOT = iphoneos;
				SWIFT_ACTIVE_COMPILATION_CONDITIONS = DEBUG;
				SWIFT_OPTIMIZATION_LEVEL = "-Onone";
			};
			name = Debug;
		};
		23E5892B293AD29600FA0782 /* Release */ = {
			isa = XCBuildConfiguration;
			buildSettings = {
				ALWAYS_SEARCH_USER_PATHS = NO;
				CLANG_ANALYZER_NONNULL = YES;
				CLANG_ANALYZER_NUMBER_OBJECT_CONVERSION = YES_AGGRESSIVE;
				CLANG_CXX_LANGUAGE_STANDARD = "gnu++20";
				CLANG_ENABLE_MODULES = YES;
				CLANG_ENABLE_OBJC_ARC = YES;
				CLANG_ENABLE_OBJC_WEAK = YES;
				CLANG_WARN_BLOCK_CAPTURE_AUTORELEASING = YES;
				CLANG_WARN_BOOL_CONVERSION = YES;
				CLANG_WARN_COMMA = YES;
				CLANG_WARN_CONSTANT_CONVERSION = YES;
				CLANG_WARN_DEPRECATED_OBJC_IMPLEMENTATIONS = YES;
				CLANG_WARN_DIRECT_OBJC_ISA_USAGE = YES_ERROR;
				CLANG_WARN_DOCUMENTATION_COMMENTS = YES;
				CLANG_WARN_EMPTY_BODY = YES;
				CLANG_WARN_ENUM_CONVERSION = YES;
				CLANG_WARN_INFINITE_RECURSION = YES;
				CLANG_WARN_INT_CONVERSION = YES;
				CLANG_WARN_NON_LITERAL_NULL_CONVERSION = YES;
				CLANG_WARN_OBJC_IMPLICIT_RETAIN_SELF = YES;
				CLANG_WARN_OBJC_LITERAL_CONVERSION = YES;
				CLANG_WARN_OBJC_ROOT_CLASS = YES_ERROR;
				CLANG_WARN_QUOTED_INCLUDE_IN_FRAMEWORK_HEADER = YES;
				CLANG_WARN_RANGE_LOOP_ANALYSIS = YES;
				CLANG_WARN_STRICT_PROTOTYPES = YES;
				CLANG_WARN_SUSPICIOUS_MOVE = YES;
				CLANG_WARN_UNGUARDED_AVAILABILITY = YES_AGGRESSIVE;
				CLANG_WARN_UNREACHABLE_CODE = YES;
				CLANG_WARN__DUPLICATE_METHOD_MATCH = YES;
				COPY_PHASE_STRIP = NO;
				DEBUG_INFORMATION_FORMAT = "dwarf-with-dsym";
				ENABLE_NS_ASSERTIONS = NO;
				ENABLE_STRICT_OBJC_MSGSEND = YES;
				GCC_C_LANGUAGE_STANDARD = gnu11;
				GCC_NO_COMMON_BLOCKS = YES;
				GCC_WARN_64_TO_32_BIT_CONVERSION = YES;
				GCC_WARN_ABOUT_RETURN_TYPE = YES_ERROR;
				GCC_WARN_UNDECLARED_SELECTOR = YES;
				GCC_WARN_UNINITIALIZED_AUTOS = YES_AGGRESSIVE;
				GCC_WARN_UNUSED_FUNCTION = YES;
				GCC_WARN_UNUSED_VARIABLE = YES;
				IPHONEOS_DEPLOYMENT_TARGET = 15.5;
				MTL_ENABLE_DEBUG_INFO = NO;
				MTL_FAST_MATH = YES;
				SDKROOT = iphoneos;
				SWIFT_COMPILATION_MODE = wholemodule;
				SWIFT_OPTIMIZATION_LEVEL = "-O";
				VALIDATE_PRODUCT = YES;
			};
			name = Release;
		};
		23E5892D293AD29600FA0782 /* Debug */ = {
			isa = XCBuildConfiguration;
			buildSettings = {
				ASSETCATALOG_COMPILER_APPICON_NAME = AppIcon;
				ASSETCATALOG_COMPILER_GLOBAL_ACCENT_COLOR_NAME = AccentColor;
				CODE_SIGN_STYLE = Automatic;
				CURRENT_PROJECT_VERSION = 1;
				DEVELOPMENT_ASSET_PATHS = "\"DemoApp/Preview Content\"";
				DEVELOPMENT_TEAM = G7SC3UG6VB;
				ENABLE_PREVIEWS = YES;
				GENERATE_INFOPLIST_FILE = YES;
				INFOPLIST_KEY_UIApplicationSceneManifest_Generation = YES;
				INFOPLIST_KEY_UIApplicationSupportsIndirectInputEvents = YES;
				INFOPLIST_KEY_UILaunchScreen_Generation = YES;
				INFOPLIST_KEY_UISupportedInterfaceOrientations_iPad = "UIInterfaceOrientationPortrait UIInterfaceOrientationPortraitUpsideDown UIInterfaceOrientationLandscapeLeft UIInterfaceOrientationLandscapeRight";
				INFOPLIST_KEY_UISupportedInterfaceOrientations_iPhone = "UIInterfaceOrientationPortrait UIInterfaceOrientationLandscapeLeft UIInterfaceOrientationLandscapeRight";
				LD_RUNPATH_SEARCH_PATHS = (
					"$(inherited)",
					"@executable_path/Frameworks",
				);
				MARKETING_VERSION = 1.0;
				PRODUCT_BUNDLE_IDENTIFIER = com.buildkite.DemoApp;
				PRODUCT_NAME = "$(TARGET_NAME)";
				SWIFT_EMIT_LOC_STRINGS = YES;
				SWIFT_VERSION = 5.0;
				TARGETED_DEVICE_FAMILY = "1,2";
			};
			name = Debug;
		};
		23E5892E293AD29600FA0782 /* Release */ = {
			isa = XCBuildConfiguration;
			buildSettings = {
				ASSETCATALOG_COMPILER_APPICON_NAME = AppIcon;
				ASSETCATALOG_COMPILER_GLOBAL_ACCENT_COLOR_NAME = AccentColor;
				CODE_SIGN_STYLE = Automatic;
				CURRENT_PROJECT_VERSION = 1;
				DEVELOPMENT_ASSET_PATHS = "\"DemoApp/Preview Content\"";
				DEVELOPMENT_TEAM = G7SC3UG6VB;
				ENABLE_PREVIEWS = YES;
				GENERATE_INFOPLIST_FILE = YES;
				INFOPLIST_KEY_UIApplicationSceneManifest_Generation = YES;
				INFOPLIST_KEY_UIApplicationSupportsIndirectInputEvents = YES;
				INFOPLIST_KEY_UILaunchScreen_Generation = YES;
				INFOPLIST_KEY_UISupportedInterfaceOrientations_iPad = "UIInterfaceOrientationPortrait UIInterfaceOrientationPortraitUpsideDown UIInterfaceOrientationLandscapeLeft UIInterfaceOrientationLandscapeRight";
				INFOPLIST_KEY_UISupportedInterfaceOrientations_iPhone = "UIInterfaceOrientationPortrait UIInterfaceOrientationLandscapeLeft UIInterfaceOrientationLandscapeRight";
				LD_RUNPATH_SEARCH_PATHS = (
					"$(inherited)",
					"@executable_path/Frameworks",
				);
				MARKETING_VERSION = 1.0;
				PRODUCT_BUNDLE_IDENTIFIER = com.buildkite.DemoApp;
				PRODUCT_NAME = "$(TARGET_NAME)";
				SWIFT_EMIT_LOC_STRINGS = YES;
				SWIFT_VERSION = 5.0;
				TARGETED_DEVICE_FAMILY = "1,2";
			};
			name = Release;
		};
		23E58930293AD29600FA0782 /* Debug */ = {
			isa = XCBuildConfiguration;
			buildSettings = {
				ALWAYS_EMBED_SWIFT_STANDARD_LIBRARIES = YES;
				BUNDLE_LOADER = "$(TEST_HOST)";
				CODE_SIGN_STYLE = Automatic;
				CURRENT_PROJECT_VERSION = 1;
				DEVELOPMENT_TEAM = G7SC3UG6VB;
				GENERATE_INFOPLIST_FILE = YES;
				INFOPLIST_FILE = DemoAppTests/Info.plist;
				INFOPLIST_KEY_LSApplicationCategoryType = "";
				IPHONEOS_DEPLOYMENT_TARGET = 15.5;
				MARKETING_VERSION = 1.0;
				PRODUCT_BUNDLE_IDENTIFIER = com.buildkite.DemoAppTests;
				PRODUCT_NAME = "$(TARGET_NAME)";
				SWIFT_EMIT_LOC_STRINGS = NO;
				SWIFT_VERSION = 5.0;
				TARGETED_DEVICE_FAMILY = "1,2";
				TEST_HOST = "$(BUILT_PRODUCTS_DIR)/DemoApp.app/$(BUNDLE_EXECUTABLE_FOLDER_PATH)/DemoApp";
			};
			name = Debug;
		};
		23E58931293AD29600FA0782 /* Release */ = {
			isa = XCBuildConfiguration;
			buildSettings = {
				ALWAYS_EMBED_SWIFT_STANDARD_LIBRARIES = YES;
				BUNDLE_LOADER = "$(TEST_HOST)";
				CODE_SIGN_STYLE = Automatic;
				CURRENT_PROJECT_VERSION = 1;
				DEVELOPMENT_TEAM = G7SC3UG6VB;
				GENERATE_INFOPLIST_FILE = YES;
				INFOPLIST_FILE = DemoAppTests/Info.plist;
				INFOPLIST_KEY_LSApplicationCategoryType = "";
				IPHONEOS_DEPLOYMENT_TARGET = 15.5;
				MARKETING_VERSION = 1.0;
				PRODUCT_BUNDLE_IDENTIFIER = com.buildkite.DemoAppTests;
				PRODUCT_NAME = "$(TARGET_NAME)";
				SWIFT_EMIT_LOC_STRINGS = NO;
				SWIFT_VERSION = 5.0;
				TARGETED_DEVICE_FAMILY = "1,2";
				TEST_HOST = "$(BUILT_PRODUCTS_DIR)/DemoApp.app/$(BUNDLE_EXECUTABLE_FOLDER_PATH)/DemoApp";
			};
			name = Release;
		};
		23E58933293AD29600FA0782 /* Debug */ = {
			isa = XCBuildConfiguration;
			buildSettings = {
				ALWAYS_EMBED_SWIFT_STANDARD_LIBRARIES = YES;
				CODE_SIGN_STYLE = Automatic;
				CURRENT_PROJECT_VERSION = 1;
				DEVELOPMENT_TEAM = G7SC3UG6VB;
				GENERATE_INFOPLIST_FILE = YES;
				INFOPLIST_FILE = DemoAppUITests/Info.plist;
				INFOPLIST_KEY_LSApplicationCategoryType = "BUILDKITE_ANALYTICS_TOKEN=$(BUILDKITE_ANALYTICS_TOKEN)\nGITHUB_ACTION=$(GITHUB_ACTION)\nGITHUB_REF=$(GITHUB_REF)\nGITHUB_RUN_NUMBER=$(GITHUB_RUN_NUMBER)\nGITHUB_RUN_ATTEMPT=$(GITHUB_RUN_ATTEMPT)\nGITHUB_REPOSITORY=$(GITHUB_REPOSITORY)\nGITHUB_RUN_ID=$(GITHUB_RUN_ID)\nGITHUB_SHA=$(GITHUB_SHA)\nGITHUB_WORKFLOW=$(GITHUB_WORKFLOW)\nGITHUB_ACTOR=$(GITHUB_ACTOR)";
				MARKETING_VERSION = 1.0;
				PRODUCT_BUNDLE_IDENTIFIER = com.buildkite.DemoAppUITests;
				PRODUCT_NAME = "$(TARGET_NAME)";
				SWIFT_EMIT_LOC_STRINGS = NO;
				SWIFT_VERSION = 5.0;
				TARGETED_DEVICE_FAMILY = "1,2";
				TEST_TARGET_NAME = DemoApp;
			};
			name = Debug;
		};
		23E58934293AD29600FA0782 /* Release */ = {
			isa = XCBuildConfiguration;
			buildSettings = {
				ALWAYS_EMBED_SWIFT_STANDARD_LIBRARIES = YES;
				CODE_SIGN_STYLE = Automatic;
				CURRENT_PROJECT_VERSION = 1;
				DEVELOPMENT_TEAM = G7SC3UG6VB;
				GENERATE_INFOPLIST_FILE = YES;
				INFOPLIST_FILE = DemoAppUITests/Info.plist;
				INFOPLIST_KEY_LSApplicationCategoryType = "BUILDKITE_ANALYTICS_TOKEN=$(BUILDKITE_ANALYTICS_TOKEN)\nGITHUB_ACTION=$(GITHUB_ACTION)\nGITHUB_REF=$(GITHUB_REF)\nGITHUB_RUN_NUMBER=$(GITHUB_RUN_NUMBER)\nGITHUB_RUN_ATTEMPT=$(GITHUB_RUN_ATTEMPT)\nGITHUB_REPOSITORY=$(GITHUB_REPOSITORY)\nGITHUB_RUN_ID=$(GITHUB_RUN_ID)\nGITHUB_SHA=$(GITHUB_SHA)\nGITHUB_WORKFLOW=$(GITHUB_WORKFLOW)\nGITHUB_ACTOR=$(GITHUB_ACTOR)";
				MARKETING_VERSION = 1.0;
				PRODUCT_BUNDLE_IDENTIFIER = com.buildkite.DemoAppUITests;
				PRODUCT_NAME = "$(TARGET_NAME)";
				SWIFT_EMIT_LOC_STRINGS = NO;
				SWIFT_VERSION = 5.0;
				TARGETED_DEVICE_FAMILY = "1,2";
				TEST_TARGET_NAME = DemoApp;
			};
			name = Release;
		};
		23E58963293B03F000FA0782 /* Debug */ = {
			isa = XCBuildConfiguration;
			buildSettings = {
				ASSETCATALOG_COMPILER_APPICON_NAME = AppIcon;
				ASSETCATALOG_COMPILER_GLOBAL_ACCENT_COLOR_NAME = AccentColor;
				CODE_SIGN_ENTITLEMENTS = DemoAppMac/DemoAppMac.entitlements;
				CODE_SIGN_STYLE = Automatic;
				COMBINE_HIDPI_IMAGES = YES;
				CURRENT_PROJECT_VERSION = 1;
				DEVELOPMENT_ASSET_PATHS = "\"DemoAppMac/Preview Content\"";
				DEVELOPMENT_TEAM = G7SC3UG6VB;
				ENABLE_HARDENED_RUNTIME = YES;
				ENABLE_PREVIEWS = YES;
				GENERATE_INFOPLIST_FILE = YES;
				INFOPLIST_KEY_NSHumanReadableCopyright = "";
				LD_RUNPATH_SEARCH_PATHS = (
					"$(inherited)",
					"@executable_path/../Frameworks",
				);
				MACOSX_DEPLOYMENT_TARGET = 12.0;
				MARKETING_VERSION = 1.0;
				PRODUCT_BUNDLE_IDENTIFIER = com.buildkite.DemoAppMac;
				PRODUCT_NAME = "$(TARGET_NAME)";
				SDKROOT = macosx;
				SWIFT_EMIT_LOC_STRINGS = YES;
				SWIFT_VERSION = 5.0;
			};
			name = Debug;
		};
		23E58964293B03F000FA0782 /* Release */ = {
			isa = XCBuildConfiguration;
			buildSettings = {
				ASSETCATALOG_COMPILER_APPICON_NAME = AppIcon;
				ASSETCATALOG_COMPILER_GLOBAL_ACCENT_COLOR_NAME = AccentColor;
				CODE_SIGN_ENTITLEMENTS = DemoAppMac/DemoAppMac.entitlements;
				CODE_SIGN_STYLE = Automatic;
				COMBINE_HIDPI_IMAGES = YES;
				CURRENT_PROJECT_VERSION = 1;
				DEVELOPMENT_ASSET_PATHS = "\"DemoAppMac/Preview Content\"";
				DEVELOPMENT_TEAM = G7SC3UG6VB;
				ENABLE_HARDENED_RUNTIME = YES;
				ENABLE_PREVIEWS = YES;
				GENERATE_INFOPLIST_FILE = YES;
				INFOPLIST_KEY_NSHumanReadableCopyright = "";
				LD_RUNPATH_SEARCH_PATHS = (
					"$(inherited)",
					"@executable_path/../Frameworks",
				);
				MACOSX_DEPLOYMENT_TARGET = 12.0;
				MARKETING_VERSION = 1.0;
				PRODUCT_BUNDLE_IDENTIFIER = com.buildkite.DemoAppMac;
				PRODUCT_NAME = "$(TARGET_NAME)";
				SDKROOT = macosx;
				SWIFT_EMIT_LOC_STRINGS = YES;
				SWIFT_VERSION = 5.0;
			};
			name = Release;
		};
		23E58966293B03F000FA0782 /* Debug */ = {
			isa = XCBuildConfiguration;
			buildSettings = {
				ALWAYS_EMBED_SWIFT_STANDARD_LIBRARIES = YES;
				BUNDLE_LOADER = "$(TEST_HOST)";
				CODE_SIGN_STYLE = Automatic;
				CURRENT_PROJECT_VERSION = 1;
				DEVELOPMENT_TEAM = G7SC3UG6VB;
				GENERATE_INFOPLIST_FILE = YES;
				MACOSX_DEPLOYMENT_TARGET = 12.0;
				MARKETING_VERSION = 1.0;
				PRODUCT_BUNDLE_IDENTIFIER = com.buildkite.DemoAppMacTests;
				PRODUCT_NAME = "$(TARGET_NAME)";
				SDKROOT = macosx;
				SWIFT_EMIT_LOC_STRINGS = NO;
				SWIFT_VERSION = 5.0;
				TEST_HOST = "$(BUILT_PRODUCTS_DIR)/DemoAppMac.app/$(BUNDLE_EXECUTABLE_FOLDER_PATH)/DemoAppMac";
			};
			name = Debug;
		};
		23E58967293B03F000FA0782 /* Release */ = {
			isa = XCBuildConfiguration;
			buildSettings = {
				ALWAYS_EMBED_SWIFT_STANDARD_LIBRARIES = YES;
				BUNDLE_LOADER = "$(TEST_HOST)";
				CODE_SIGN_STYLE = Automatic;
				CURRENT_PROJECT_VERSION = 1;
				DEVELOPMENT_TEAM = G7SC3UG6VB;
				GENERATE_INFOPLIST_FILE = YES;
				MACOSX_DEPLOYMENT_TARGET = 12.0;
				MARKETING_VERSION = 1.0;
				PRODUCT_BUNDLE_IDENTIFIER = com.buildkite.DemoAppMacTests;
				PRODUCT_NAME = "$(TARGET_NAME)";
				SDKROOT = macosx;
				SWIFT_EMIT_LOC_STRINGS = NO;
				SWIFT_VERSION = 5.0;
				TEST_HOST = "$(BUILT_PRODUCTS_DIR)/DemoAppMac.app/$(BUNDLE_EXECUTABLE_FOLDER_PATH)/DemoAppMac";
			};
			name = Release;
		};
/* End XCBuildConfiguration section */

/* Begin XCConfigurationList section */
		23E58903293AD29500FA0782 /* Build configuration list for PBXProject "DemoApp" */ = {
			isa = XCConfigurationList;
			buildConfigurations = (
				23E5892A293AD29600FA0782 /* Debug */,
				23E5892B293AD29600FA0782 /* Release */,
			);
			defaultConfigurationIsVisible = 0;
			defaultConfigurationName = Release;
		};
		23E5892C293AD29600FA0782 /* Build configuration list for PBXNativeTarget "DemoApp" */ = {
			isa = XCConfigurationList;
			buildConfigurations = (
				23E5892D293AD29600FA0782 /* Debug */,
				23E5892E293AD29600FA0782 /* Release */,
			);
			defaultConfigurationIsVisible = 0;
			defaultConfigurationName = Release;
		};
		23E5892F293AD29600FA0782 /* Build configuration list for PBXNativeTarget "DemoAppTests" */ = {
			isa = XCConfigurationList;
			buildConfigurations = (
				23E58930293AD29600FA0782 /* Debug */,
				23E58931293AD29600FA0782 /* Release */,
			);
			defaultConfigurationIsVisible = 0;
			defaultConfigurationName = Release;
		};
		23E58932293AD29600FA0782 /* Build configuration list for PBXNativeTarget "DemoAppUITests" */ = {
			isa = XCConfigurationList;
			buildConfigurations = (
				23E58933293AD29600FA0782 /* Debug */,
				23E58934293AD29600FA0782 /* Release */,
			);
			defaultConfigurationIsVisible = 0;
			defaultConfigurationName = Release;
		};
		23E58962293B03F000FA0782 /* Build configuration list for PBXNativeTarget "DemoAppMac" */ = {
			isa = XCConfigurationList;
			buildConfigurations = (
				23E58963293B03F000FA0782 /* Debug */,
				23E58964293B03F000FA0782 /* Release */,
			);
			defaultConfigurationIsVisible = 0;
			defaultConfigurationName = Release;
		};
		23E58965293B03F000FA0782 /* Build configuration list for PBXNativeTarget "DemoAppMacTests" */ = {
			isa = XCConfigurationList;
			buildConfigurations = (
				23E58966293B03F000FA0782 /* Debug */,
				23E58967293B03F000FA0782 /* Release */,
			);
			defaultConfigurationIsVisible = 0;
			defaultConfigurationName = Release;
		};
/* End XCConfigurationList section */

/* Begin XCSwiftPackageProductDependency section */
		23E58936293AE37A00FA0782 /* BuildkiteTestCollector */ = {
			isa = XCSwiftPackageProductDependency;
			productName = BuildkiteTestCollector;
		};
		23E58938293AE37E00FA0782 /* BuildkiteTestCollector */ = {
			isa = XCSwiftPackageProductDependency;
			productName = BuildkiteTestCollector;
		};
		23E5896F293B060B00FA0782 /* BuildkiteTestCollector */ = {
			isa = XCSwiftPackageProductDependency;
			productName = BuildkiteTestCollector;
		};
/* End XCSwiftPackageProductDependency section */
	};
	rootObject = 23E58900293AD29500FA0782 /* Project object */;
}
